
Microsoft Visual Studio Solution File, Format Version 12.00
# Visual Studio Version 17
VisualStudioVersion = 17.6.33815.320
MinimumVisualStudioVersion = 10.0.40219.1
Project("{FAE04EC0-301F-11D3-BF4B-00C04F79EFBC}") = "Textures and Colours", "Textures and Colours\Textures and Colours.csproj", "{1BFED4A0-DA79-459B-8C43-8C9AE0BC32D6}"
EndProject
Global
	GlobalSection(SolutionConfigurationPlatforms) = preSolution
		Debug|Any CPU = Debug|Any CPU
		Release|Any CPU = Release|Any CPU
	EndGlobalSection
	GlobalSection(ProjectConfigurationPlatforms) = postSolution
		{1BFED4A0-DA79-459B-8C43-8C9AE0BC32D6}.Debug|Any CPU.ActiveCfg = Debug|Any CPU
		{1BFED4A0-DA79-459B-8C43-8C9AE0BC32D6}.Debug|Any CPU.Build.0 = Debug|Any CPU
		{1BFED4A0-DA79-459B-8C43-8C9AE0BC32D6}.Release|Any CPU.ActiveCfg = Release|Any CPU
		{1BFED4A0-DA79-459B-8C43-8C9AE0BC32D6}.Release|Any CPU.Build.0 = Release|Any CPU
	EndGlobalSection
	GlobalSection(SolutionProperties) = preSolution
		HideSolutionNode = FALSE
	EndGlobalSection
	GlobalSection(ExtensibilityGlobals) = postSolution
		SolutionGuid = {F59C60BC-C7A5-4A99-9C83-0B20F88A7606}
	EndGlobalSection
EndGlobal
